
Microsoft Visual Studio Solution File, Format Version 12.00
# Visual Studio Version 17
VisualStudioVersion = 17.7.34024.191
MinimumVisualStudioVersion = 10.0.40219.1
Project("{FAE04EC0-301F-11D3-BF4B-00C04F79EFBC}") = "VGL_Project", "VGL_Project\VGL_Project.csproj", "{95581BA5-ADD5-4C1F-9E9A-9788D14AF4BE}"
EndProject
Global
	GlobalSection(SolutionConfigurationPlatforms) = preSolution
		Debug|Any CPU = Debug|Any CPU
		Release|Any CPU = Release|Any CPU
	EndGlobalSection
	GlobalSection(ProjectConfigurationPlatforms) = postSolution
		{95581BA5-ADD5-4C1F-9E9A-9788D14AF4BE}.Debug|Any CPU.ActiveCfg = Debug|Any CPU
		{95581BA5-ADD5-4C1F-9E9A-9788D14AF4BE}.Debug|Any CPU.Build.0 = Debug|Any CPU
		{95581BA5-ADD5-4C1F-9E9A-9788D14AF4BE}.Release|Any CPU.ActiveCfg = Release|Any CPU
		{95581BA5-ADD5-4C1F-9E9A-9788D14AF4BE}.Release|Any CPU.Build.0 = Release|Any CPU
	EndGlobalSection
	GlobalSection(SolutionProperties) = preSolution
		HideSolutionNode = FALSE
	EndGlobalSection
	GlobalSection(ExtensibilityGlobals) = postSolution
		SolutionGuid = {4DB6ECAC-FCDD-4E21-9D64-6D6ECE30EBDA}
	EndGlobalSection
EndGlobal
