
Microsoft Visual Studio Solution File, Format Version 12.00
# Visual Studio Version 16
VisualStudioVersion = 16.0.34301.259
MinimumVisualStudioVersion = 10.0.40219.1
Project("{FAE04EC0-301F-11D3-BF4B-00C04F79EFBC}") = "VLG", "VLG\VLG.csproj", "{0994D175-3463-45F5-9AF0-78753E449DB9}"
EndProject
Global
	GlobalSection(SolutionConfigurationPlatforms) = preSolution
		Debug|Any CPU = Debug|Any CPU
		Release|Any CPU = Release|Any CPU
	EndGlobalSection
	GlobalSection(ProjectConfigurationPlatforms) = postSolution
		{0994D175-3463-45F5-9AF0-78753E449DB9}.Debug|Any CPU.ActiveCfg = Debug|Any CPU
		{0994D175-3463-45F5-9AF0-78753E449DB9}.Debug|Any CPU.Build.0 = Debug|Any CPU
		{0994D175-3463-45F5-9AF0-78753E449DB9}.Release|Any CPU.ActiveCfg = Release|Any CPU
		{0994D175-3463-45F5-9AF0-78753E449DB9}.Release|Any CPU.Build.0 = Release|Any CPU
	EndGlobalSection
	GlobalSection(SolutionProperties) = preSolution
		HideSolutionNode = FALSE
	EndGlobalSection
	GlobalSection(ExtensibilityGlobals) = postSolution
		SolutionGuid = {14967E98-4F4A-4DFB-859D-954523CA3A10}
	EndGlobalSection
EndGlobal
